
Microsoft Visual Studio Solution File, Format Version 12.00
# Visual Studio 15
VisualStudioVersion = 15.0.28307.271
MinimumVisualStudioVersion = 10.0.40219.1
Project("{FAE04EC0-301F-11D3-BF4B-00C04F79EFBC}") = "sitioweb", "sitioweb\sitioweb.csproj", "{536A4E6A-EA86-46E4-A82A-4A886D3E8A6A}"
EndProject
Global
	GlobalSection(SolutionConfigurationPlatforms) = preSolution
		Debug|Any CPU = Debug|Any CPU
		Release|Any CPU = Release|Any CPU
	EndGlobalSection
	GlobalSection(ProjectConfigurationPlatforms) = postSolution
		{536A4E6A-EA86-46E4-A82A-4A886D3E8A6A}.Debug|Any CPU.ActiveCfg = Debug|Any CPU
		{536A4E6A-EA86-46E4-A82A-4A886D3E8A6A}.Debug|Any CPU.Build.0 = Debug|Any CPU
		{536A4E6A-EA86-46E4-A82A-4A886D3E8A6A}.Release|Any CPU.ActiveCfg = Release|Any CPU
		{536A4E6A-EA86-46E4-A82A-4A886D3E8A6A}.Release|Any CPU.Build.0 = Release|Any CPU
	EndGlobalSection
	GlobalSection(SolutionProperties) = preSolution
		HideSolutionNode = FALSE
	EndGlobalSection
	GlobalSection(ExtensibilityGlobals) = postSolution
		SolutionGuid = {848D58C9-3D2B-4DFD-BF6B-136A909B1077}
	EndGlobalSection
EndGlobal
